
Microsoft Visual Studio Solution File, Format Version 12.00
# Visual Studio Version 17
VisualStudioVersion = 17.2.32516.85
MinimumVisualStudioVersion = 10.0.40219.1
Project("{9A19103F-16F7-4668-BE54-9A1E7A4F7556}") = "StuffyHelper.Authorization.EntityFrameworkCore", "src\StuffyHelper.Authorization.EntityFrameworkCore\StuffyHelper.Authorization.EntityFrameworkCore.csproj", "{DA3CF683-6F90-43F0-AAB0-C368F8F1F593}"
EndProject
Project("{9A19103F-16F7-4668-BE54-9A1E7A4F7556}") = "StuffyHelper.Authorization.Core", "src\StuffyHelper.Authorization.Core\StuffyHelper.Authorization.Core.csproj", "{33B78268-CE05-4231-AEA4-1BF6AD0AAA32}"
EndProject
Project("{9A19103F-16F7-4668-BE54-9A1E7A4F7556}") = "StuffyHelper.Api", "src\StuffyHelper.Api\StuffyHelper.Api.csproj", "{D9252782-73E9-4D50-8700-B3307D3A2E75}"
EndProject
Project("{9A19103F-16F7-4668-BE54-9A1E7A4F7556}") = "StuffyHelper.Core", "src\StuffyHelper.Core\StuffyHelper.Core.csproj", "{6740CA1E-1832-43FE-AB6A-B0ED6CFE08C9}"
EndProject
Project("{9A19103F-16F7-4668-BE54-9A1E7A4F7556}") = "StuffyHelper.EntityFrameworkCore", "src\StuffyHelper.EntityFrameworkCore\StuffyHelper.EntityFrameworkCore.csproj", "{49562321-5974-4E36-AC8C-59AD55B11DC1}"
EndProject
Project("{9A19103F-16F7-4668-BE54-9A1E7A4F7556}") = "StuffyHelper.Hosting", "src\StuffyHelper.Hosting\StuffyHelper.Hosting.csproj", "{FE6FB530-005E-44C1-808E-8B1141E3007E}"
EndProject
Project("{9A19103F-16F7-4668-BE54-9A1E7A4F7556}") = "StuffyHelper.Minio", "src\StuffyHelper.Minio\StuffyHelper.Minio.csproj", "{C034FD17-D686-40C6-9C96-56695C3294A3}"
EndProject
Project("{9A19103F-16F7-4668-BE54-9A1E7A4F7556}") = "StuffyHelper.EmailService.Core", "src\StuffyHelper.EmailService.Core\StuffyHelper.EmailService.Core.csproj", "{4FB3FB89-73D9-4557-8ADF-4FD17FC06557}"
EndProject
Project("{9A19103F-16F7-4668-BE54-9A1E7A4F7556}") = "StuffyHelper.Tests", "src\StuffyHelper.Tests\StuffyHelper.Tests.csproj", "{8A65B42D-03A2-4550-A19B-627A1B2F488E}"
EndProject
Project("{2150E333-8FDC-42A3-9474-1A3956D46DE8}") = "Solution Items", "Solution Items", "{F53260A7-C988-47F1-85BD-555AE3C2DD35}"
	ProjectSection(SolutionItems) = preProject
		.editorconfig = .editorconfig
	EndProjectSection
EndProject
Project("{2150E333-8FDC-42A3-9474-1A3956D46DE8}") = "StuffyHelper", "StuffyHelper", "{BF62A680-9F76-4063-823A-6B025FE1BED1}"
EndProject
Project("{2150E333-8FDC-42A3-9474-1A3956D46DE8}") = "Authorization", "Authorization", "{F465E904-50EF-49BD-92A5-3D4C4067A985}"
EndProject
Project("{FAE04EC0-301F-11D3-BF4B-00C04F79EFBC}") = "StuffyHelper.Authorization.Api", "src\StuffyHelper.Authorization.Api\StuffyHelper.Authorization.Api.csproj", "{5736D6CE-8989-4483-BD8F-BDD15ED655FA}"
EndProject
Project("{2150E333-8FDC-42A3-9474-1A3956D46DE8}") = "EmailService", "EmailService", "{7C914DB3-5AA0-4792-B8C2-F835127D323C}"
EndProject
Project("{FAE04EC0-301F-11D3-BF4B-00C04F79EFBC}") = "StuffyHelper.EmailService.Api", "src\StuffyHelper.EmailService.Api\StuffyHelper.EmailService.Api.csproj", "{3CA1D1E5-E680-4CB0-8899-04052DE5A385}"
EndProject
Global
	GlobalSection(SolutionConfigurationPlatforms) = preSolution
		Debug|Any CPU = Debug|Any CPU
		Release|Any CPU = Release|Any CPU
	EndGlobalSection
	GlobalSection(ProjectConfigurationPlatforms) = postSolution
		{DA3CF683-6F90-43F0-AAB0-C368F8F1F593}.Debug|Any CPU.ActiveCfg = Debug|Any CPU
		{DA3CF683-6F90-43F0-AAB0-C368F8F1F593}.Debug|Any CPU.Build.0 = Debug|Any CPU
		{DA3CF683-6F90-43F0-AAB0-C368F8F1F593}.Release|Any CPU.ActiveCfg = Release|Any CPU
		{DA3CF683-6F90-43F0-AAB0-C368F8F1F593}.Release|Any CPU.Build.0 = Release|Any CPU
		{33B78268-CE05-4231-AEA4-1BF6AD0AAA32}.Debug|Any CPU.ActiveCfg = Debug|Any CPU
		{33B78268-CE05-4231-AEA4-1BF6AD0AAA32}.Debug|Any CPU.Build.0 = Debug|Any CPU
		{33B78268-CE05-4231-AEA4-1BF6AD0AAA32}.Release|Any CPU.ActiveCfg = Release|Any CPU
		{33B78268-CE05-4231-AEA4-1BF6AD0AAA32}.Release|Any CPU.Build.0 = Release|Any CPU
		{D9252782-73E9-4D50-8700-B3307D3A2E75}.Debug|Any CPU.ActiveCfg = Debug|Any CPU
		{D9252782-73E9-4D50-8700-B3307D3A2E75}.Debug|Any CPU.Build.0 = Debug|Any CPU
		{D9252782-73E9-4D50-8700-B3307D3A2E75}.Release|Any CPU.ActiveCfg = Release|Any CPU
		{D9252782-73E9-4D50-8700-B3307D3A2E75}.Release|Any CPU.Build.0 = Release|Any CPU
		{6740CA1E-1832-43FE-AB6A-B0ED6CFE08C9}.Debug|Any CPU.ActiveCfg = Debug|Any CPU
		{6740CA1E-1832-43FE-AB6A-B0ED6CFE08C9}.Debug|Any CPU.Build.0 = Debug|Any CPU
		{6740CA1E-1832-43FE-AB6A-B0ED6CFE08C9}.Release|Any CPU.ActiveCfg = Release|Any CPU
		{6740CA1E-1832-43FE-AB6A-B0ED6CFE08C9}.Release|Any CPU.Build.0 = Release|Any CPU
		{49562321-5974-4E36-AC8C-59AD55B11DC1}.Debug|Any CPU.ActiveCfg = Debug|Any CPU
		{49562321-5974-4E36-AC8C-59AD55B11DC1}.Debug|Any CPU.Build.0 = Debug|Any CPU
		{49562321-5974-4E36-AC8C-59AD55B11DC1}.Release|Any CPU.ActiveCfg = Release|Any CPU
		{49562321-5974-4E36-AC8C-59AD55B11DC1}.Release|Any CPU.Build.0 = Release|Any CPU
		{FE6FB530-005E-44C1-808E-8B1141E3007E}.Debug|Any CPU.ActiveCfg = Debug|Any CPU
		{FE6FB530-005E-44C1-808E-8B1141E3007E}.Debug|Any CPU.Build.0 = Debug|Any CPU
		{FE6FB530-005E-44C1-808E-8B1141E3007E}.Release|Any CPU.ActiveCfg = Release|Any CPU
		{FE6FB530-005E-44C1-808E-8B1141E3007E}.Release|Any CPU.Build.0 = Release|Any CPU
		{C034FD17-D686-40C6-9C96-56695C3294A3}.Debug|Any CPU.ActiveCfg = Debug|Any CPU
		{C034FD17-D686-40C6-9C96-56695C3294A3}.Debug|Any CPU.Build.0 = Debug|Any CPU
		{C034FD17-D686-40C6-9C96-56695C3294A3}.Release|Any CPU.ActiveCfg = Release|Any CPU
		{C034FD17-D686-40C6-9C96-56695C3294A3}.Release|Any CPU.Build.0 = Release|Any CPU
		{4FB3FB89-73D9-4557-8ADF-4FD17FC06557}.Debug|Any CPU.ActiveCfg = Debug|Any CPU
		{4FB3FB89-73D9-4557-8ADF-4FD17FC06557}.Debug|Any CPU.Build.0 = Debug|Any CPU
		{4FB3FB89-73D9-4557-8ADF-4FD17FC06557}.Release|Any CPU.ActiveCfg = Release|Any CPU
		{4FB3FB89-73D9-4557-8ADF-4FD17FC06557}.Release|Any CPU.Build.0 = Release|Any CPU
		{8A65B42D-03A2-4550-A19B-627A1B2F488E}.Debug|Any CPU.ActiveCfg = Debug|Any CPU
		{8A65B42D-03A2-4550-A19B-627A1B2F488E}.Debug|Any CPU.Build.0 = Debug|Any CPU
		{8A65B42D-03A2-4550-A19B-627A1B2F488E}.Release|Any CPU.ActiveCfg = Release|Any CPU
		{8A65B42D-03A2-4550-A19B-627A1B2F488E}.Release|Any CPU.Build.0 = Release|Any CPU
		{5736D6CE-8989-4483-BD8F-BDD15ED655FA}.Debug|Any CPU.ActiveCfg = Debug|Any CPU
		{5736D6CE-8989-4483-BD8F-BDD15ED655FA}.Debug|Any CPU.Build.0 = Debug|Any CPU
		{5736D6CE-8989-4483-BD8F-BDD15ED655FA}.Release|Any CPU.ActiveCfg = Release|Any CPU
		{5736D6CE-8989-4483-BD8F-BDD15ED655FA}.Release|Any CPU.Build.0 = Release|Any CPU
		{3CA1D1E5-E680-4CB0-8899-04052DE5A385}.Debug|Any CPU.ActiveCfg = Debug|Any CPU
		{3CA1D1E5-E680-4CB0-8899-04052DE5A385}.Debug|Any CPU.Build.0 = Debug|Any CPU
		{3CA1D1E5-E680-4CB0-8899-04052DE5A385}.Release|Any CPU.ActiveCfg = Release|Any CPU
		{3CA1D1E5-E680-4CB0-8899-04052DE5A385}.Release|Any CPU.Build.0 = Release|Any CPU
	EndGlobalSection
	GlobalSection(SolutionProperties) = preSolution
		HideSolutionNode = FALSE
	EndGlobalSection
	GlobalSection(ExtensibilityGlobals) = postSolution
		SolutionGuid = {7AB8AB03-6B61-4C44-A1FF-878A70D18617}
	EndGlobalSection
	GlobalSection(NestedProjects) = preSolution
		{D9252782-73E9-4D50-8700-B3307D3A2E75} = {BF62A680-9F76-4063-823A-6B025FE1BED1}
		{33B78268-CE05-4231-AEA4-1BF6AD0AAA32} = {BF62A680-9F76-4063-823A-6B025FE1BED1}
		{DA3CF683-6F90-43F0-AAB0-C368F8F1F593} = {BF62A680-9F76-4063-823A-6B025FE1BED1}
		{6740CA1E-1832-43FE-AB6A-B0ED6CFE08C9} = {BF62A680-9F76-4063-823A-6B025FE1BED1}
		{49562321-5974-4E36-AC8C-59AD55B11DC1} = {BF62A680-9F76-4063-823A-6B025FE1BED1}
		{FE6FB530-005E-44C1-808E-8B1141E3007E} = {BF62A680-9F76-4063-823A-6B025FE1BED1}
		{C034FD17-D686-40C6-9C96-56695C3294A3} = {BF62A680-9F76-4063-823A-6B025FE1BED1}
		{8A65B42D-03A2-4550-A19B-627A1B2F488E} = {BF62A680-9F76-4063-823A-6B025FE1BED1}
		{5736D6CE-8989-4483-BD8F-BDD15ED655FA} = {F465E904-50EF-49BD-92A5-3D4C4067A985}
		{4FB3FB89-73D9-4557-8ADF-4FD17FC06557} = {7C914DB3-5AA0-4792-B8C2-F835127D323C}
		{3CA1D1E5-E680-4CB0-8899-04052DE5A385} = {7C914DB3-5AA0-4792-B8C2-F835127D323C}
	EndGlobalSection
EndGlobal
